{
  "name": "mexp",
  "version": "1.0.0",
  "lockfileVersion": 1,
  "requires": true,
  "dependencies": {
    "requirejs": {
      "version": "2.3.6",
      "resolved": "https://registry.npmjs.org/requirejs/-/requirejs-2.3.6.tgz",
      "integrity": "sha512-ipEzlWQe6RK3jkzikgCupiTbTvm4S0/CAU5GlgptkN5SO6F3u0UD0K18wy6ErDqiCyP4J4YYe1HuAShvsxePLg==",
      "dev": true
    },
    "seajs": {
      "version": "3.0.3",
      "resolved": "https://registry.npmjs.org/seajs/-/seajs-3.0.3.tgz",
      "integrity": "sha512-cmvBYGTmAWL2wfX4fo9nduknk7OTIRkDv67DGauECzDjkWq7FjkbFSSUtMC1Yocxk9xiwgpChxLvC4qpk7tchA==",
      "dev": true
    }
  }
}
